
Microsoft Visual Studio Solution File, Format Version 12.00
# Visual Studio Version 17
VisualStudioVersion = 17.13.35919.96 d17.13
MinimumVisualStudioVersion = 10.0.40219.1
Project("{FAE04EC0-301F-11D3-BF4B-00C04F79EFBC}") = "JaredPortfolio", "JaredPortfolio\JaredPortfolio.csproj", "{C8CB76AD-E927-45CE-9D22-E83142527737}"
EndProject
Global
	GlobalSection(SolutionConfigurationPlatforms) = preSolution
		Debug|Any CPU = Debug|Any CPU
		Release|Any CPU = Release|Any CPU
	EndGlobalSection
	GlobalSection(ProjectConfigurationPlatforms) = postSolution
		{C8CB76AD-E927-45CE-9D22-E83142527737}.Debug|Any CPU.ActiveCfg = Debug|Any CPU
		{C8CB76AD-E927-45CE-9D22-E83142527737}.Debug|Any CPU.Build.0 = Debug|Any CPU
		{C8CB76AD-E927-45CE-9D22-E83142527737}.Release|Any CPU.ActiveCfg = Release|Any CPU
		{C8CB76AD-E927-45CE-9D22-E83142527737}.Release|Any CPU.Build.0 = Release|Any CPU
	EndGlobalSection
	GlobalSection(SolutionProperties) = preSolution
		HideSolutionNode = FALSE
	EndGlobalSection
	GlobalSection(ExtensibilityGlobals) = postSolution
		SolutionGuid = {3FB94E2C-E145-46CF-8771-C1FF2433FF9B}
	EndGlobalSection
EndGlobal
